# THIS IS AN AUTOGENERATED FILE. DO NOT EDIT THIS FILE DIRECTLY.
# yarn lockfile v1


"@gregdingle/log-time-to-next-idle@^1.0.0":
  version "1.0.0"
  resolved "https://registry.yarnpkg.com/@gregdingle/log-time-to-next-idle/-/log-time-to-next-idle-1.0.0.tgz#ea08300723cee747f420c2a6c64502aad2fa7271"
  integrity sha512-KZ6rKLdI2W2o32rC6362tPC0Y1DyUVhKVoIpBUor6QvAFGZA44fcnOMaVuVD3D9pPH4J9dbPF/U7ElOvqvbpiQ==
